// !$*UTF8*$!
{
	archiveVersion = 1;
	classes = {
	};
	objectVersion = 51;
	objects = {

/* Begin PBXBuildFile section */
		392A1C9826FD850300BCD71A /* TestViewController.swift in Sources */ = {isa = PBXBuildFile; fileRef = 392A1C9726FD850300BCD71A /* TestViewController.swift */; };
		392A1C9A26FD850C00BCD71A /* TestStoryboard.storyboard in Resources */ = {isa = PBXBuildFile; fileRef = 392A1C9926FD850C00BCD71A /* TestStoryboard.storyboard */; };
		392A1CA426FD915B00BCD71A /* AnswerTableViewCell.swift in Sources */ = {isa = PBXBuildFile; fileRef = 392A1CA326FD915B00BCD71A /* AnswerTableViewCell.swift */; };
		392A1CA726FD92AC00BCD71A /* AnswerListDataModel.swift in Sources */ = {isa = PBXBuildFile; fileRef = 392A1CA626FD92AC00BCD71A /* AnswerListDataModel.swift */; };
		3930C0AA26F44271009B424C /* SignInViewController.swift in Sources */ = {isa = PBXBuildFile; fileRef = 3930C0A926F44271009B424C /* SignInViewController.swift */; };
		3930C0AC26F44277009B424C /* SignInStoryboard.storyboard in Resources */ = {isa = PBXBuildFile; fileRef = 3930C0AB26F44277009B424C /* SignInStoryboard.storyboard */; };
		3930C0AF26F444D2009B424C /* UIView+Extension.swift in Sources */ = {isa = PBXBuildFile; fileRef = 3930C0AE26F444D2009B424C /* UIView+Extension.swift */; };
		3930C0B126F46A90009B424C /* CALayer+Extension.swift in Sources */ = {isa = PBXBuildFile; fileRef = 3930C0B026F46A90009B424C /* CALayer+Extension.swift */; };
		394097062738F380006D112C /* BottomSheetViewController.swift in Sources */ = {isa = PBXBuildFile; fileRef = 394097052738F380006D112C /* BottomSheetViewController.swift */; };
		3940970E27394D9E006D112C /* TestBottomSheetViewController.swift in Sources */ = {isa = PBXBuildFile; fileRef = 3940970D27394D9E006D112C /* TestBottomSheetViewController.swift */; };
		3940971027394DA8006D112C /* TestBottomSheetStoryboard.storyboard in Resources */ = {isa = PBXBuildFile; fileRef = 3940970F27394DA8006D112C /* TestBottomSheetStoryboard.storyboard */; };
		3940971227394F7C006D112C /* Test.swift in Sources */ = {isa = PBXBuildFile; fileRef = 3940971127394F7C006D112C /* Test.swift */; };
		39488E332706D8BB00BDC917 /* UIAlertController+Extension.swift in Sources */ = {isa = PBXBuildFile; fileRef = 39488E322706D8BB00BDC917 /* UIAlertController+Extension.swift */; };
		394F315227082B7200C83291 /* .swiftlint.yml in Resources */ = {isa = PBXBuildFile; fileRef = 394F315127082B7200C83291 /* .swiftlint.yml */; };
		39516D8E26F708D4001B89D9 /* HomeViewController.swift in Sources */ = {isa = PBXBuildFile; fileRef = 39516D8D26F708D4001B89D9 /* HomeViewController.swift */; };
		39516D9026F708DB001B89D9 /* SearchViewController.swift in Sources */ = {isa = PBXBuildFile; fileRef = 39516D8F26F708DB001B89D9 /* SearchViewController.swift */; };
		39516D9226F708FC001B89D9 /* FriendsViewController.swift in Sources */ = {isa = PBXBuildFile; fileRef = 39516D9126F708FC001B89D9 /* FriendsViewController.swift */; };
		39516D9426F7091A001B89D9 /* SizeViewController.swift in Sources */ = {isa = PBXBuildFile; fileRef = 39516D9326F7091A001B89D9 /* SizeViewController.swift */; };
		39516D9826F70930001B89D9 /* HomeStoryboard.storyboard in Resources */ = {isa = PBXBuildFile; fileRef = 39516D9726F70930001B89D9 /* HomeStoryboard.storyboard */; };
		39516D9A26F7093D001B89D9 /* SearchStoryboard.storyboard in Resources */ = {isa = PBXBuildFile; fileRef = 39516D9926F7093D001B89D9 /* SearchStoryboard.storyboard */; };
		39516D9C26F7094A001B89D9 /* FriendsStoryboard.storyboard in Resources */ = {isa = PBXBuildFile; fileRef = 39516D9B26F7094A001B89D9 /* FriendsStoryboard.storyboard */; };
		39516D9E26F70950001B89D9 /* SizeStoryboard.storyboard in Resources */ = {isa = PBXBuildFile; fileRef = 39516D9D26F70950001B89D9 /* SizeStoryboard.storyboard */; };
		39516DA426F70B46001B89D9 /* BaseStoryboard.storyboard in Resources */ = {isa = PBXBuildFile; fileRef = 39516DA326F70B46001B89D9 /* BaseStoryboard.storyboard */; };
		39516DA826F70D74001B89D9 /* BaseViewController.swift in Sources */ = {isa = PBXBuildFile; fileRef = 39516DA726F70D74001B89D9 /* BaseViewController.swift */; };
		39584579273D0727009CC6B9 /* GlassesViewController.swift in Sources */ = {isa = PBXBuildFile; fileRef = 39584578273D0727009CC6B9 /* GlassesViewController.swift */; };
		3958457B273D0730009CC6B9 /* Glasses.storyboard in Resources */ = {isa = PBXBuildFile; fileRef = 3958457A273D0730009CC6B9 /* Glasses.storyboard */; };
		3958457E273D4E04009CC6B9 /* BackgroundCollectionViewCell.swift in Sources */ = {isa = PBXBuildFile; fileRef = 3958457C273D4E04009CC6B9 /* BackgroundCollectionViewCell.swift */; };
		3958457F273D4E04009CC6B9 /* BackgroundCollectionViewCell.xib in Resources */ = {isa = PBXBuildFile; fileRef = 3958457D273D4E04009CC6B9 /* BackgroundCollectionViewCell.xib */; };
		397A575926FEC68900AFCE59 /* QuestionListDataModel.swift in Sources */ = {isa = PBXBuildFile; fileRef = 397A575826FEC68900AFCE59 /* QuestionListDataModel.swift */; };
		3983C77C2716E438004E4790 /* CardSwiperViewController.swift in Sources */ = {isa = PBXBuildFile; fileRef = 3983C77B2716E438004E4790 /* CardSwiperViewController.swift */; };
		3983C77E2716E44D004E4790 /* CardSwiperStoryboard.storyboard in Resources */ = {isa = PBXBuildFile; fileRef = 3983C77D2716E44D004E4790 /* CardSwiperStoryboard.storyboard */; };
		3983C7832716E490004E4790 /* FrontCardViewCell.swift in Sources */ = {isa = PBXBuildFile; fileRef = 3983C7812716E490004E4790 /* FrontCardViewCell.swift */; };
		3983C7842716E490004E4790 /* FrontCardViewCell.xib in Resources */ = {isa = PBXBuildFile; fileRef = 3983C7822716E490004E4790 /* FrontCardViewCell.xib */; };
		3983C7872716E4A0004E4790 /* BackCardViewCell.swift in Sources */ = {isa = PBXBuildFile; fileRef = 3983C7852716E4A0004E4790 /* BackCardViewCell.swift */; };
		3983C7882716E4A0004E4790 /* BackCardViewCell.xib in Resources */ = {isa = PBXBuildFile; fileRef = 3983C7862716E4A0004E4790 /* BackCardViewCell.xib */; };
		3983DF4026F3662A00539090 /* AppDelegate.swift in Sources */ = {isa = PBXBuildFile; fileRef = 3983DF3F26F3662A00539090 /* AppDelegate.swift */; };
		3983DF4226F3662A00539090 /* SceneDelegate.swift in Sources */ = {isa = PBXBuildFile; fileRef = 3983DF4126F3662A00539090 /* SceneDelegate.swift */; };
		3983DF4C26F3662A00539090 /* LaunchScreen.storyboard in Resources */ = {isa = PBXBuildFile; fileRef = 3983DF4A26F3662A00539090 /* LaunchScreen.storyboard */; };
		3983DF7B26F36A5800539090 /* Assets.xcassets in Resources */ = {isa = PBXBuildFile; fileRef = 3983DF7A26F36A5800539090 /* Assets.xcassets */; };
		3983DF8226F36C3700539090 /* Colors.xcassets in Resources */ = {isa = PBXBuildFile; fileRef = 3983DF8126F36C3700539090 /* Colors.xcassets */; };
		3983DF8526F42D9E00539090 /* SignUpViewController.swift in Sources */ = {isa = PBXBuildFile; fileRef = 3983DF8426F42D9E00539090 /* SignUpViewController.swift */; };
		3983DF8726F42DAA00539090 /* SignUpStoryboard.storyboard in Resources */ = {isa = PBXBuildFile; fileRef = 3983DF8626F42DAA00539090 /* SignUpStoryboard.storyboard */; };
		39B5FC3B2700A97400486022 /* AddSizeViewController.swift in Sources */ = {isa = PBXBuildFile; fileRef = 39B5FC3A2700A97400486022 /* AddSizeViewController.swift */; };
		39B5FC3D2700A98300486022 /* AddSizeStoryboard.storyboard in Resources */ = {isa = PBXBuildFile; fileRef = 39B5FC3C2700A98300486022 /* AddSizeStoryboard.storyboard */; };
		39C04D7A273F800200E5CB42 /* NetworkResult.swift in Sources */ = {isa = PBXBuildFile; fileRef = 39C04D79273F800200E5CB42 /* NetworkResult.swift */; };
		39C04D7C273F809500E5CB42 /* LoginDataModel.swift in Sources */ = {isa = PBXBuildFile; fileRef = 39C04D7B273F809500E5CB42 /* LoginDataModel.swift */; };
		39C04D7E273F80A800E5CB42 /* APIConstants.swift in Sources */ = {isa = PBXBuildFile; fileRef = 39C04D7D273F80A800E5CB42 /* APIConstants.swift */; };
		39C04D80273F810500E5CB42 /* LoginService.swift in Sources */ = {isa = PBXBuildFile; fileRef = 39C04D7F273F810500E5CB42 /* LoginService.swift */; };
		39C04D82273F813100E5CB42 /* LoginViewController.swift in Sources */ = {isa = PBXBuildFile; fileRef = 39C04D81273F813100E5CB42 /* LoginViewController.swift */; };
		39D530DE26FD9BAC00AD2F64 /* TestResultViewController.swift in Sources */ = {isa = PBXBuildFile; fileRef = 39D530DD26FD9BAC00AD2F64 /* TestResultViewController.swift */; };
		39D530E026FD9BB500AD2F64 /* TestResultStoryboard.storyboard in Resources */ = {isa = PBXBuildFile; fileRef = 39D530DF26FD9BB500AD2F64 /* TestResultStoryboard.storyboard */; };
		64A69447135C8945ECBBAFD2 /* Pods_Study_iOS.framework in Frameworks */ = {isa = PBXBuildFile; fileRef = 65F7C6F7B423E90B69D20DA1 /* Pods_Study_iOS.framework */; };
/* End PBXBuildFile section */

/* Begin PBXFileReference section */
		392A1C9726FD850300BCD71A /* TestViewController.swift */ = {isa = PBXFileReference; lastKnownFileType = sourcecode.swift; path = TestViewController.swift; sourceTree = "<group>"; };
		392A1C9926FD850C00BCD71A /* TestStoryboard.storyboard */ = {isa = PBXFileReference; lastKnownFileType = file.storyboard; path = TestStoryboard.storyboard; sourceTree = "<group>"; };
		392A1CA326FD915B00BCD71A /* AnswerTableViewCell.swift */ = {isa = PBXFileReference; lastKnownFileType = sourcecode.swift; path = AnswerTableViewCell.swift; sourceTree = "<group>"; };
		392A1CA626FD92AC00BCD71A /* AnswerListDataModel.swift */ = {isa = PBXFileReference; lastKnownFileType = sourcecode.swift; path = AnswerListDataModel.swift; sourceTree = "<group>"; };
		3930C0A926F44271009B424C /* SignInViewController.swift */ = {isa = PBXFileReference; lastKnownFileType = sourcecode.swift; path = SignInViewController.swift; sourceTree = "<group>"; };
		3930C0AB26F44277009B424C /* SignInStoryboard.storyboard */ = {isa = PBXFileReference; lastKnownFileType = file.storyboard; path = SignInStoryboard.storyboard; sourceTree = "<group>"; };
		3930C0AE26F444D2009B424C /* UIView+Extension.swift */ = {isa = PBXFileReference; lastKnownFileType = sourcecode.swift; path = "UIView+Extension.swift"; sourceTree = "<group>"; };
		3930C0B026F46A90009B424C /* CALayer+Extension.swift */ = {isa = PBXFileReference; lastKnownFileType = sourcecode.swift; path = "CALayer+Extension.swift"; sourceTree = "<group>"; };
		394097052738F380006D112C /* BottomSheetViewController.swift */ = {isa = PBXFileReference; lastKnownFileType = sourcecode.swift; path = BottomSheetViewController.swift; sourceTree = "<group>"; };
		3940970D27394D9E006D112C /* TestBottomSheetViewController.swift */ = {isa = PBXFileReference; lastKnownFileType = sourcecode.swift; path = TestBottomSheetViewController.swift; sourceTree = "<group>"; };
		3940970F27394DA8006D112C /* TestBottomSheetStoryboard.storyboard */ = {isa = PBXFileReference; lastKnownFileType = file.storyboard; path = TestBottomSheetStoryboard.storyboard; sourceTree = "<group>"; };
		3940971127394F7C006D112C /* Test.swift */ = {isa = PBXFileReference; lastKnownFileType = sourcecode.swift; path = Test.swift; sourceTree = "<group>"; };
		39488E322706D8BB00BDC917 /* UIAlertController+Extension.swift */ = {isa = PBXFileReference; lastKnownFileType = sourcecode.swift; path = "UIAlertController+Extension.swift"; sourceTree = "<group>"; };
		394F315127082B7200C83291 /* .swiftlint.yml */ = {isa = PBXFileReference; lastKnownFileType = text.yaml; path = .swiftlint.yml; sourceTree = "<group>"; };
		39516D8D26F708D4001B89D9 /* HomeViewController.swift */ = {isa = PBXFileReference; lastKnownFileType = sourcecode.swift; path = HomeViewController.swift; sourceTree = "<group>"; };
		39516D8F26F708DB001B89D9 /* SearchViewController.swift */ = {isa = PBXFileReference; lastKnownFileType = sourcecode.swift; path = SearchViewController.swift; sourceTree = "<group>"; };
		39516D9126F708FC001B89D9 /* FriendsViewController.swift */ = {isa = PBXFileReference; lastKnownFileType = sourcecode.swift; path = FriendsViewController.swift; sourceTree = "<group>"; };
		39516D9326F7091A001B89D9 /* SizeViewController.swift */ = {isa = PBXFileReference; lastKnownFileType = sourcecode.swift; path = SizeViewController.swift; sourceTree = "<group>"; };
		39516D9726F70930001B89D9 /* HomeStoryboard.storyboard */ = {isa = PBXFileReference; lastKnownFileType = file.storyboard; path = HomeStoryboard.storyboard; sourceTree = "<group>"; };
		39516D9926F7093D001B89D9 /* SearchStoryboard.storyboard */ = {isa = PBXFileReference; lastKnownFileType = file.storyboard; path = SearchStoryboard.storyboard; sourceTree = "<group>"; };
		39516D9B26F7094A001B89D9 /* FriendsStoryboard.storyboard */ = {isa = PBXFileReference; lastKnownFileType = file.storyboard; path = FriendsStoryboard.storyboard; sourceTree = "<group>"; };
		39516D9D26F70950001B89D9 /* SizeStoryboard.storyboard */ = {isa = PBXFileReference; lastKnownFileType = file.storyboard; path = SizeStoryboard.storyboard; sourceTree = "<group>"; };
		39516DA326F70B46001B89D9 /* BaseStoryboard.storyboard */ = {isa = PBXFileReference; lastKnownFileType = file.storyboard; path = BaseStoryboard.storyboard; sourceTree = "<group>"; };
		39516DA726F70D74001B89D9 /* BaseViewController.swift */ = {isa = PBXFileReference; lastKnownFileType = sourcecode.swift; path = BaseViewController.swift; sourceTree = "<group>"; };
		39584578273D0727009CC6B9 /* GlassesViewController.swift */ = {isa = PBXFileReference; lastKnownFileType = sourcecode.swift; path = GlassesViewController.swift; sourceTree = "<group>"; };
		3958457A273D0730009CC6B9 /* Glasses.storyboard */ = {isa = PBXFileReference; lastKnownFileType = file.storyboard; path = Glasses.storyboard; sourceTree = "<group>"; };
		3958457C273D4E04009CC6B9 /* BackgroundCollectionViewCell.swift */ = {isa = PBXFileReference; lastKnownFileType = sourcecode.swift; path = BackgroundCollectionViewCell.swift; sourceTree = "<group>"; };
		3958457D273D4E04009CC6B9 /* BackgroundCollectionViewCell.xib */ = {isa = PBXFileReference; lastKnownFileType = file.xib; path = BackgroundCollectionViewCell.xib; sourceTree = "<group>"; };
		397A575826FEC68900AFCE59 /* QuestionListDataModel.swift */ = {isa = PBXFileReference; lastKnownFileType = sourcecode.swift; path = QuestionListDataModel.swift; sourceTree = "<group>"; };
		3983C77B2716E438004E4790 /* CardSwiperViewController.swift */ = {isa = PBXFileReference; lastKnownFileType = sourcecode.swift; path = CardSwiperViewController.swift; sourceTree = "<group>"; };
		3983C77D2716E44D004E4790 /* CardSwiperStoryboard.storyboard */ = {isa = PBXFileReference; lastKnownFileType = file.storyboard; path = CardSwiperStoryboard.storyboard; sourceTree = "<group>"; };
		3983C7812716E490004E4790 /* FrontCardViewCell.swift */ = {isa = PBXFileReference; lastKnownFileType = sourcecode.swift; path = FrontCardViewCell.swift; sourceTree = "<group>"; };
		3983C7822716E490004E4790 /* FrontCardViewCell.xib */ = {isa = PBXFileReference; lastKnownFileType = file.xib; path = FrontCardViewCell.xib; sourceTree = "<group>"; };
		3983C7852716E4A0004E4790 /* BackCardViewCell.swift */ = {isa = PBXFileReference; lastKnownFileType = sourcecode.swift; path = BackCardViewCell.swift; sourceTree = "<group>"; };
		3983C7862716E4A0004E4790 /* BackCardViewCell.xib */ = {isa = PBXFileReference; lastKnownFileType = file.xib; path = BackCardViewCell.xib; sourceTree = "<group>"; };
		3983DF3C26F3662A00539090 /* Study_iOS.app */ = {isa = PBXFileReference; explicitFileType = wrapper.application; includeInIndex = 0; path = Study_iOS.app; sourceTree = BUILT_PRODUCTS_DIR; };
		3983DF3F26F3662A00539090 /* AppDelegate.swift */ = {isa = PBXFileReference; lastKnownFileType = sourcecode.swift; path = AppDelegate.swift; sourceTree = "<group>"; };
		3983DF4126F3662A00539090 /* SceneDelegate.swift */ = {isa = PBXFileReference; lastKnownFileType = sourcecode.swift; path = SceneDelegate.swift; sourceTree = "<group>"; };
		3983DF4B26F3662A00539090 /* Base */ = {isa = PBXFileReference; lastKnownFileType = file.storyboard; name = Base; path = Base.lproj/LaunchScreen.storyboard; sourceTree = "<group>"; };
		3983DF4D26F3662A00539090 /* Info.plist */ = {isa = PBXFileReference; lastKnownFileType = text.plist.xml; path = Info.plist; sourceTree = "<group>"; };
		3983DF7A26F36A5800539090 /* Assets.xcassets */ = {isa = PBXFileReference; lastKnownFileType = folder.assetcatalog; path = Assets.xcassets; sourceTree = "<group>"; };
		3983DF8126F36C3700539090 /* Colors.xcassets */ = {isa = PBXFileReference; lastKnownFileType = folder.assetcatalog; path = Colors.xcassets; sourceTree = "<group>"; };
		3983DF8426F42D9E00539090 /* SignUpViewController.swift */ = {isa = PBXFileReference; lastKnownFileType = sourcecode.swift; path = SignUpViewController.swift; sourceTree = "<group>"; };
		3983DF8626F42DAA00539090 /* SignUpStoryboard.storyboard */ = {isa = PBXFileReference; lastKnownFileType = file.storyboard; path = SignUpStoryboard.storyboard; sourceTree = "<group>"; };
		39B5FC3A2700A97400486022 /* AddSizeViewController.swift */ = {isa = PBXFileReference; lastKnownFileType = sourcecode.swift; path = AddSizeViewController.swift; sourceTree = "<group>"; };
		39B5FC3C2700A98300486022 /* AddSizeStoryboard.storyboard */ = {isa = PBXFileReference; lastKnownFileType = file.storyboard; path = AddSizeStoryboard.storyboard; sourceTree = "<group>"; };
		39C04D79273F800200E5CB42 /* NetworkResult.swift */ = {isa = PBXFileReference; lastKnownFileType = sourcecode.swift; path = NetworkResult.swift; sourceTree = "<group>"; };
		39C04D7B273F809500E5CB42 /* LoginDataModel.swift */ = {isa = PBXFileReference; lastKnownFileType = sourcecode.swift; path = LoginDataModel.swift; sourceTree = "<group>"; };
		39C04D7D273F80A800E5CB42 /* APIConstants.swift */ = {isa = PBXFileReference; lastKnownFileType = sourcecode.swift; path = APIConstants.swift; sourceTree = "<group>"; };
		39C04D7F273F810500E5CB42 /* LoginService.swift */ = {isa = PBXFileReference; lastKnownFileType = sourcecode.swift; path = LoginService.swift; sourceTree = "<group>"; };
		39C04D81273F813100E5CB42 /* LoginViewController.swift */ = {isa = PBXFileReference; lastKnownFileType = sourcecode.swift; path = LoginViewController.swift; sourceTree = "<group>"; };
		39D530DD26FD9BAC00AD2F64 /* TestResultViewController.swift */ = {isa = PBXFileReference; lastKnownFileType = sourcecode.swift; path = TestResultViewController.swift; sourceTree = "<group>"; };
		39D530DF26FD9BB500AD2F64 /* TestResultStoryboard.storyboard */ = {isa = PBXFileReference; lastKnownFileType = file.storyboard; path = TestResultStoryboard.storyboard; sourceTree = "<group>"; };
		65F7C6F7B423E90B69D20DA1 /* Pods_Study_iOS.framework */ = {isa = PBXFileReference; explicitFileType = wrapper.framework; includeInIndex = 0; path = Pods_Study_iOS.framework; sourceTree = BUILT_PRODUCTS_DIR; };
		DB1CBDB0F3C1238E346FF930 /* Pods-Study_iOS.release.xcconfig */ = {isa = PBXFileReference; includeInIndex = 1; lastKnownFileType = text.xcconfig; name = "Pods-Study_iOS.release.xcconfig"; path = "Target Support Files/Pods-Study_iOS/Pods-Study_iOS.release.xcconfig"; sourceTree = "<group>"; };
		E3F3EA9AFE9AA33D9DFE4D86 /* Pods-Study_iOS.debug.xcconfig */ = {isa = PBXFileReference; includeInIndex = 1; lastKnownFileType = text.xcconfig; name = "Pods-Study_iOS.debug.xcconfig"; path = "Target Support Files/Pods-Study_iOS/Pods-Study_iOS.debug.xcconfig"; sourceTree = "<group>"; };
/* End PBXFileReference section */

/* Begin PBXFrameworksBuildPhase section */
		3983DF3926F3662A00539090 /* Frameworks */ = {
			isa = PBXFrameworksBuildPhase;
			buildActionMask = 2147483647;
			files = (
				64A69447135C8945ECBBAFD2 /* Pods_Study_iOS.framework in Frameworks */,
			);
			runOnlyForDeploymentPostprocessing = 0;
		};
/* End PBXFrameworksBuildPhase section */

/* Begin PBXGroup section */
		0F52C340B387B1BCB8C59499 /* Pods */ = {
			isa = PBXGroup;
			children = (
				E3F3EA9AFE9AA33D9DFE4D86 /* Pods-Study_iOS.debug.xcconfig */,
				DB1CBDB0F3C1238E346FF930 /* Pods-Study_iOS.release.xcconfig */,
			);
			path = Pods;
			sourceTree = "<group>";
		};
		392A1C9626FD846300BCD71A /* Test */ = {
			isa = PBXGroup;
			children = (
				39D530DC26FD9B9500AD2F64 /* TestResult */,
				39D530DA26FD9B3E00AD2F64 /* TestQuestion */,
			);
			path = Test;
			sourceTree = "<group>";
		};
		392A1C9D26FD8E9200BCD71A /* Cells */ = {
			isa = PBXGroup;
			children = (
				392A1CA326FD915B00BCD71A /* AnswerTableViewCell.swift */,
			);
			path = Cells;
			sourceTree = "<group>";
		};
		392A1CA526FD917800BCD71A /* Models */ = {
			isa = PBXGroup;
			children = (
				392A1CA626FD92AC00BCD71A /* AnswerListDataModel.swift */,
				397A575826FEC68900AFCE59 /* QuestionListDataModel.swift */,
			);
			path = Models;
			sourceTree = "<group>";
		};
		3930C0AD26F4449E009B424C /* Extensions */ = {
			isa = PBXGroup;
			children = (
				3930C0AE26F444D2009B424C /* UIView+Extension.swift */,
				3930C0B026F46A90009B424C /* CALayer+Extension.swift */,
				39488E322706D8BB00BDC917 /* UIAlertController+Extension.swift */,
			);
			path = Extensions;
			sourceTree = "<group>";
		};
		394097042738F340006D112C /* BottomSheet */ = {
			isa = PBXGroup;
			children = (
				394097052738F380006D112C /* BottomSheetViewController.swift */,
				3940970D27394D9E006D112C /* TestBottomSheetViewController.swift */,
				3940970F27394DA8006D112C /* TestBottomSheetStoryboard.storyboard */,
				3940971127394F7C006D112C /* Test.swift */,
			);
			path = BottomSheet;
			sourceTree = "<group>";
		};
		39516D8626F70756001B89D9 /* Base */ = {
			isa = PBXGroup;
			children = (
				39516DA326F70B46001B89D9 /* BaseStoryboard.storyboard */,
				39516DA726F70D74001B89D9 /* BaseViewController.swift */,
				39516D8C26F708BC001B89D9 /* Home */,
				39516D8A26F7087B001B89D9 /* Search */,
				39516D8B26F708AE001B89D9 /* Friends */,
				39516D8926F70851001B89D9 /* Size */,
			);
			path = Base;
			sourceTree = "<group>";
		};
		39516D8926F70851001B89D9 /* Size */ = {
			isa = PBXGroup;
			children = (
				39B5FC392700A96700486022 /* AddSize */,
				39516D9D26F70950001B89D9 /* SizeStoryboard.storyboard */,
				39516D9326F7091A001B89D9 /* SizeViewController.swift */,
			);
			path = Size;
			sourceTree = "<group>";
		};
		39516D8A26F7087B001B89D9 /* Search */ = {
			isa = PBXGroup;
			children = (
				39516D9926F7093D001B89D9 /* SearchStoryboard.storyboard */,
				39516D8F26F708DB001B89D9 /* SearchViewController.swift */,
			);
			path = Search;
			sourceTree = "<group>";
		};
		39516D8B26F708AE001B89D9 /* Friends */ = {
			isa = PBXGroup;
			children = (
				39516D9B26F7094A001B89D9 /* FriendsStoryboard.storyboard */,
				39516D9126F708FC001B89D9 /* FriendsViewController.swift */,
			);
			path = Friends;
			sourceTree = "<group>";
		};
		39516D8C26F708BC001B89D9 /* Home */ = {
			isa = PBXGroup;
			children = (
				39516D9726F70930001B89D9 /* HomeStoryboard.storyboard */,
				39516D8D26F708D4001B89D9 /* HomeViewController.swift */,
			);
			path = Home;
			sourceTree = "<group>";
		};
		39516DA526F70CBA001B89D9 /* SignUp */ = {
			isa = PBXGroup;
			children = (
				3983DF8426F42D9E00539090 /* SignUpViewController.swift */,
				3983DF8626F42DAA00539090 /* SignUpStoryboard.storyboard */,
			);
			path = SignUp;
			sourceTree = "<group>";
		};
		39516DA626F70CC5001B89D9 /* SignIn */ = {
			isa = PBXGroup;
			children = (
				3930C0A926F44271009B424C /* SignInViewController.swift */,
				3930C0AB26F44277009B424C /* SignInStoryboard.storyboard */,
			);
			path = SignIn;
			sourceTree = "<group>";
		};
		39584577273D06E8009CC6B9 /* Glasses */ = {
			isa = PBXGroup;
			children = (
				39584578273D0727009CC6B9 /* GlassesViewController.swift */,
				3958457A273D0730009CC6B9 /* Glasses.storyboard */,
				3958457C273D4E04009CC6B9 /* BackgroundCollectionViewCell.swift */,
				3958457D273D4E04009CC6B9 /* BackgroundCollectionViewCell.xib */,
			);
			path = Glasses;
			sourceTree = "<group>";
		};
		3983C77A2716E414004E4790 /* CardSwiper */ = {
			isa = PBXGroup;
			children = (
				3983C77B2716E438004E4790 /* CardSwiperViewController.swift */,
				3983C77D2716E44D004E4790 /* CardSwiperStoryboard.storyboard */,
				3983C7812716E490004E4790 /* FrontCardViewCell.swift */,
				3983C7822716E490004E4790 /* FrontCardViewCell.xib */,
				3983C7852716E4A0004E4790 /* BackCardViewCell.swift */,
				3983C7862716E4A0004E4790 /* BackCardViewCell.xib */,
			);
			path = CardSwiper;
			sourceTree = "<group>";
		};
		3983DF3326F3662A00539090 = {
			isa = PBXGroup;
			children = (
				394F315127082B7200C83291 /* .swiftlint.yml */,
				3983DF3E26F3662A00539090 /* Study_iOS */,
				3983DF3D26F3662A00539090 /* Products */,
				0F52C340B387B1BCB8C59499 /* Pods */,
				570CE84094E50409753549F8 /* Frameworks */,
			);
			sourceTree = "<group>";
		};
		3983DF3D26F3662A00539090 /* Products */ = {
			isa = PBXGroup;
			children = (
				3983DF3C26F3662A00539090 /* Study_iOS.app */,
			);
			name = Products;
			sourceTree = "<group>";
		};
		3983DF3E26F3662A00539090 /* Study_iOS */ = {
			isa = PBXGroup;
			children = (
				3983DF7126F3672300539090 /* Application */,
				3983DF7726F3693D00539090 /* Resourcea */,
				3983DF6F26F3670500539090 /* Sources */,
			);
			path = Study_iOS;
			sourceTree = "<group>";
		};
		3983DF6F26F3670500539090 /* Sources */ = {
			isa = PBXGroup;
			children = (
				39C04D78273F7FF300E5CB42 /* Network */,
				39584577273D06E8009CC6B9 /* Glasses */,
				394097042738F340006D112C /* BottomSheet */,
				3983C77A2716E414004E4790 /* CardSwiper */,
				39516DA526F70CBA001B89D9 /* SignUp */,
				39516DA626F70CC5001B89D9 /* SignIn */,
				392A1C9626FD846300BCD71A /* Test */,
				39516D8626F70756001B89D9 /* Base */,
			);
			path = Sources;
			sourceTree = "<group>";
		};
		3983DF7126F3672300539090 /* Application */ = {
			isa = PBXGroup;
			children = (
				3983DF3F26F3662A00539090 /* AppDelegate.swift */,
				3983DF4126F3662A00539090 /* SceneDelegate.swift */,
				3983DF4A26F3662A00539090 /* LaunchScreen.storyboard */,
				3983DF4D26F3662A00539090 /* Info.plist */,
			);
			path = Application;
			sourceTree = "<group>";
		};
		3983DF7726F3693D00539090 /* Resourcea */ = {
			isa = PBXGroup;
			children = (
				3930C0AD26F4449E009B424C /* Extensions */,
				3983DF7A26F36A5800539090 /* Assets.xcassets */,
				3983DF8126F36C3700539090 /* Colors.xcassets */,
			);
			path = Resourcea;
			sourceTree = "<group>";
		};
		39B5FC392700A96700486022 /* AddSize */ = {
			isa = PBXGroup;
			children = (
				39B5FC3A2700A97400486022 /* AddSizeViewController.swift */,
				39B5FC3C2700A98300486022 /* AddSizeStoryboard.storyboard */,
			);
			path = AddSize;
			sourceTree = "<group>";
		};
		39C04D78273F7FF300E5CB42 /* Network */ = {
			isa = PBXGroup;
			children = (
				39C04D79273F800200E5CB42 /* NetworkResult.swift */,
				39C04D7D273F80A800E5CB42 /* APIConstants.swift */,
				39C04D7B273F809500E5CB42 /* LoginDataModel.swift */,
				39C04D7F273F810500E5CB42 /* LoginService.swift */,
				39C04D81273F813100E5CB42 /* LoginViewController.swift */,
			);
			path = Network;
			sourceTree = "<group>";
		};
		39D530DA26FD9B3E00AD2F64 /* TestQuestion */ = {
			isa = PBXGroup;
			children = (
				392A1C9726FD850300BCD71A /* TestViewController.swift */,
				392A1C9926FD850C00BCD71A /* TestStoryboard.storyboard */,
				392A1C9D26FD8E9200BCD71A /* Cells */,
				392A1CA526FD917800BCD71A /* Models */,
			);
			path = TestQuestion;
			sourceTree = "<group>";
		};
		39D530DC26FD9B9500AD2F64 /* TestResult */ = {
			isa = PBXGroup;
			children = (
				39D530DD26FD9BAC00AD2F64 /* TestResultViewController.swift */,
				39D530DF26FD9BB500AD2F64 /* TestResultStoryboard.storyboard */,
			);
			path = TestResult;
			sourceTree = "<group>";
		};
		570CE84094E50409753549F8 /* Frameworks */ = {
			isa = PBXGroup;
			children = (
				65F7C6F7B423E90B69D20DA1 /* Pods_Study_iOS.framework */,
			);
			name = Frameworks;
			sourceTree = "<group>";
		};
/* End PBXGroup section */

/* Begin PBXNativeTarget section */
		3983DF3B26F3662A00539090 /* Study_iOS */ = {
			isa = PBXNativeTarget;
			buildConfigurationList = 3983DF6626F3662A00539090 /* Build configuration list for PBXNativeTarget "Study_iOS" */;
			buildPhases = (
				9D29D8FAFC9F338C7D9DAE86 /* [CP] Check Pods Manifest.lock */,
				3983DF3826F3662A00539090 /* Sources */,
				3983DF3926F3662A00539090 /* Frameworks */,
				3983DF3A26F3662A00539090 /* Resources */,
				1038F0F2AD54E730B9A24661 /* [CP] Embed Pods Frameworks */,
				394F31502708296400C83291 /* ShellScript */,
			);
			buildRules = (
			);
			dependencies = (
			);
			name = Study_iOS;
			productName = Study_iOS;
			productReference = 3983DF3C26F3662A00539090 /* Study_iOS.app */;
			productType = "com.apple.product-type.application";
		};
/* End PBXNativeTarget section */

/* Begin PBXProject section */
		3983DF3426F3662A00539090 /* Project object */ = {
			isa = PBXProject;
			attributes = {
				LastSwiftUpdateCheck = 1250;
				LastUpgradeCheck = 1250;
				TargetAttributes = {
					3983DF3B26F3662A00539090 = {
						CreatedOnToolsVersion = 12.5.1;
					};
				};
			};
			buildConfigurationList = 3983DF3726F3662A00539090 /* Build configuration list for PBXProject "Study_iOS" */;
			compatibilityVersion = "Xcode 9.3";
			developmentRegion = en;
			hasScannedForEncodings = 0;
			knownRegions = (
				en,
				Base,
			);
			mainGroup = 3983DF3326F3662A00539090;
			productRefGroup = 3983DF3D26F3662A00539090 /* Products */;
			projectDirPath = "";
			projectRoot = "";
			targets = (
				3983DF3B26F3662A00539090 /* Study_iOS */,
			);
		};
/* End PBXProject section */

/* Begin PBXResourcesBuildPhase section */
		3983DF3A26F3662A00539090 /* Resources */ = {
			isa = PBXResourcesBuildPhase;
			buildActionMask = 2147483647;
			files = (
				394F315227082B7200C83291 /* .swiftlint.yml in Resources */,
				39516D9A26F7093D001B89D9 /* SearchStoryboard.storyboard in Resources */,
				39516D9E26F70950001B89D9 /* SizeStoryboard.storyboard in Resources */,
				3930C0AC26F44277009B424C /* SignInStoryboard.storyboard in Resources */,
				3983C7842716E490004E4790 /* FrontCardViewCell.xib in Resources */,
				3983DF8726F42DAA00539090 /* SignUpStoryboard.storyboard in Resources */,
				3958457B273D0730009CC6B9 /* Glasses.storyboard in Resources */,
				39D530E026FD9BB500AD2F64 /* TestResultStoryboard.storyboard in Resources */,
				39516D9826F70930001B89D9 /* HomeStoryboard.storyboard in Resources */,
				3983DF7B26F36A5800539090 /* Assets.xcassets in Resources */,
				3983C77E2716E44D004E4790 /* CardSwiperStoryboard.storyboard in Resources */,
				39516DA426F70B46001B89D9 /* BaseStoryboard.storyboard in Resources */,
				3983DF8226F36C3700539090 /* Colors.xcassets in Resources */,
				39B5FC3D2700A98300486022 /* AddSizeStoryboard.storyboard in Resources */,
				392A1C9A26FD850C00BCD71A /* TestStoryboard.storyboard in Resources */,
				3983DF4C26F3662A00539090 /* LaunchScreen.storyboard in Resources */,
				3958457F273D4E04009CC6B9 /* BackgroundCollectionViewCell.xib in Resources */,
				3983C7882716E4A0004E4790 /* BackCardViewCell.xib in Resources */,
				3940971027394DA8006D112C /* TestBottomSheetStoryboard.storyboard in Resources */,
				39516D9C26F7094A001B89D9 /* FriendsStoryboard.storyboard in Resources */,
			);
			runOnlyForDeploymentPostprocessing = 0;
		};
/* End PBXResourcesBuildPhase section */

/* Begin PBXShellScriptBuildPhase section */
		1038F0F2AD54E730B9A24661 /* [CP] Embed Pods Frameworks */ = {
			isa = PBXShellScriptBuildPhase;
			buildActionMask = 2147483647;
			files = (
			);
			inputFileListPaths = (
				"${PODS_ROOT}/Target Support Files/Pods-Study_iOS/Pods-Study_iOS-frameworks-${CONFIGURATION}-input-files.xcfilelist",
			);
			name = "[CP] Embed Pods Frameworks";
			outputFileListPaths = (
				"${PODS_ROOT}/Target Support Files/Pods-Study_iOS/Pods-Study_iOS-frameworks-${CONFIGURATION}-output-files.xcfilelist",
			);
			runOnlyForDeploymentPostprocessing = 0;
			shellPath = /bin/sh;
			shellScript = "\"${PODS_ROOT}/Target Support Files/Pods-Study_iOS/Pods-Study_iOS-frameworks.sh\"\n";
			showEnvVarsInLog = 0;
		};
		394F31502708296400C83291 /* ShellScript */ = {
			isa = PBXShellScriptBuildPhase;
			buildActionMask = 2147483647;
			files = (
			);
			inputFileListPaths = (
			);
			inputPaths = (
			);
			outputFileListPaths = (
			);
			outputPaths = (
			);
			runOnlyForDeploymentPostprocessing = 0;
			shellPath = /bin/sh;
			shellScript = "${PODS_ROOT}/SwiftLint/swiftlint\n";
		};
		9D29D8FAFC9F338C7D9DAE86 /* [CP] Check Pods Manifest.lock */ = {
			isa = PBXShellScriptBuildPhase;
			buildActionMask = 2147483647;
			files = (
			);
			inputFileListPaths = (
			);
			inputPaths = (
				"${PODS_PODFILE_DIR_PATH}/Podfile.lock",
				"${PODS_ROOT}/Manifest.lock",
			);
			name = "[CP] Check Pods Manifest.lock";
			outputFileListPaths = (
			);
			outputPaths = (
				"$(DERIVED_FILE_DIR)/Pods-Study_iOS-checkManifestLockResult.txt",
			);
			runOnlyForDeploymentPostprocessing = 0;
			shellPath = /bin/sh;
			shellScript = "diff \"${PODS_PODFILE_DIR_PATH}/Podfile.lock\" \"${PODS_ROOT}/Manifest.lock\" > /dev/null\nif [ $? != 0 ] ; then\n    # print error to STDERR\n    echo \"error: The sandbox is not in sync with the Podfile.lock. Run 'pod install' or update your CocoaPods installation.\" >&2\n    exit 1\nfi\n# This output is used by Xcode 'outputs' to avoid re-running this script phase.\necho \"SUCCESS\" > \"${SCRIPT_OUTPUT_FILE_0}\"\n";
			showEnvVarsInLog = 0;
		};
/* End PBXShellScriptBuildPhase section */

/* Begin PBXSourcesBuildPhase section */
		3983DF3826F3662A00539090 /* Sources */ = {
			isa = PBXSourcesBuildPhase;
			buildActionMask = 2147483647;
			files = (
				3930C0AA26F44271009B424C /* SignInViewController.swift in Sources */,
				394097062738F380006D112C /* BottomSheetViewController.swift in Sources */,
				39516D9426F7091A001B89D9 /* SizeViewController.swift in Sources */,
				39C04D7C273F809500E5CB42 /* LoginDataModel.swift in Sources */,
				39C04D7A273F800200E5CB42 /* NetworkResult.swift in Sources */,
				39584579273D0727009CC6B9 /* GlassesViewController.swift in Sources */,
				39516D9226F708FC001B89D9 /* FriendsViewController.swift in Sources */,
				39C04D80273F810500E5CB42 /* LoginService.swift in Sources */,
				39C04D7E273F80A800E5CB42 /* APIConstants.swift in Sources */,
				3940970E27394D9E006D112C /* TestBottomSheetViewController.swift in Sources */,
				3940971227394F7C006D112C /* Test.swift in Sources */,
				3983DF4026F3662A00539090 /* AppDelegate.swift in Sources */,
				397A575926FEC68900AFCE59 /* QuestionListDataModel.swift in Sources */,
				39C04D82273F813100E5CB42 /* LoginViewController.swift in Sources */,
				39516D9026F708DB001B89D9 /* SearchViewController.swift in Sources */,
				392A1C9826FD850300BCD71A /* TestViewController.swift in Sources */,
				39516DA826F70D74001B89D9 /* BaseViewController.swift in Sources */,
				39D530DE26FD9BAC00AD2F64 /* TestResultViewController.swift in Sources */,
				3983DF8526F42D9E00539090 /* SignUpViewController.swift in Sources */,
				392A1CA726FD92AC00BCD71A /* AnswerListDataModel.swift in Sources */,
				392A1CA426FD915B00BCD71A /* AnswerTableViewCell.swift in Sources */,
				3930C0AF26F444D2009B424C /* UIView+Extension.swift in Sources */,
				3983DF4226F3662A00539090 /* SceneDelegate.swift in Sources */,
				3983C7872716E4A0004E4790 /* BackCardViewCell.swift in Sources */,
				39B5FC3B2700A97400486022 /* AddSizeViewController.swift in Sources */,
				3983C7832716E490004E4790 /* FrontCardViewCell.swift in Sources */,
				3983C77C2716E438004E4790 /* CardSwiperViewController.swift in Sources */,
				3958457E273D4E04009CC6B9 /* BackgroundCollectionViewCell.swift in Sources */,
				39488E332706D8BB00BDC917 /* UIAlertController+Extension.swift in Sources */,
				39516D8E26F708D4001B89D9 /* HomeViewController.swift in Sources */,
				3930C0B126F46A90009B424C /* CALayer+Extension.swift in Sources */,
			);
			runOnlyForDeploymentPostprocessing = 0;
		};
/* End PBXSourcesBuildPhase section */

/* Begin PBXVariantGroup section */
		3983DF4A26F3662A00539090 /* LaunchScreen.storyboard */ = {
			isa = PBXVariantGroup;
			children = (
				3983DF4B26F3662A00539090 /* Base */,
			);
			name = LaunchScreen.storyboard;
			sourceTree = "<group>";
		};
/* End PBXVariantGroup section */

/* Begin XCBuildConfiguration section */
		3983DF6426F3662A00539090 /* Debug */ = {
			isa = XCBuildConfiguration;
			buildSettings = {
				ALWAYS_SEARCH_USER_PATHS = NO;
				CLANG_ANALYZER_NONNULL = YES;
				CLANG_ANALYZER_NUMBER_OBJECT_CONVERSION = YES_AGGRESSIVE;
				CLANG_CXX_LANGUAGE_STANDARD = "gnu++14";
				CLANG_CXX_LIBRARY = "libc++";
				CLANG_ENABLE_MODULES = YES;
				CLANG_ENABLE_OBJC_ARC = YES;
				CLANG_ENABLE_OBJC_WEAK = YES;
				CLANG_WARN_BLOCK_CAPTURE_AUTORELEASING = YES;
				CLANG_WARN_BOOL_CONVERSION = YES;
				CLANG_WARN_COMMA = YES;
				CLANG_WARN_CONSTANT_CONVERSION = YES;
				CLANG_WARN_DEPRECATED_OBJC_IMPLEMENTATIONS = YES;
				CLANG_WARN_DIRECT_OBJC_ISA_USAGE = YES_ERROR;
				CLANG_WARN_DOCUMENTATION_COMMENTS = YES;
				CLANG_WARN_EMPTY_BODY = YES;
				CLANG_WARN_ENUM_CONVERSION = YES;
				CLANG_WARN_INFINITE_RECURSION = YES;
				CLANG_WARN_INT_CONVERSION = YES;
				CLANG_WARN_NON_LITERAL_NULL_CONVERSION = YES;
				CLANG_WARN_OBJC_IMPLICIT_RETAIN_SELF = YES;
				CLANG_WARN_OBJC_LITERAL_CONVERSION = YES;
				CLANG_WARN_OBJC_ROOT_CLASS = YES_ERROR;
				CLANG_WARN_QUOTED_INCLUDE_IN_FRAMEWORK_HEADER = YES;
				CLANG_WARN_RANGE_LOOP_ANALYSIS = YES;
				CLANG_WARN_STRICT_PROTOTYPES = YES;
				CLANG_WARN_SUSPICIOUS_MOVE = YES;
				CLANG_WARN_UNGUARDED_AVAILABILITY = YES_AGGRESSIVE;
				CLANG_WARN_UNREACHABLE_CODE = YES;
				CLANG_WARN__DUPLICATE_METHOD_MATCH = YES;
				COPY_PHASE_STRIP = NO;
				DEBUG_INFORMATION_FORMAT = dwarf;
				ENABLE_STRICT_OBJC_MSGSEND = YES;
				ENABLE_TESTABILITY = YES;
				GCC_C_LANGUAGE_STANDARD = gnu11;
				GCC_DYNAMIC_NO_PIC = NO;
				GCC_NO_COMMON_BLOCKS = YES;
				GCC_OPTIMIZATION_LEVEL = 0;
				GCC_PREPROCESSOR_DEFINITIONS = (
					"DEBUG=1",
					"$(inherited)",
				);
				GCC_WARN_64_TO_32_BIT_CONVERSION = YES;
				GCC_WARN_ABOUT_RETURN_TYPE = YES_ERROR;
				GCC_WARN_UNDECLARED_SELECTOR = YES;
				GCC_WARN_UNINITIALIZED_AUTOS = YES_AGGRESSIVE;
				GCC_WARN_UNUSED_FUNCTION = YES;
				GCC_WARN_UNUSED_VARIABLE = YES;
				IPHONEOS_DEPLOYMENT_TARGET = 14.5;
				MTL_ENABLE_DEBUG_INFO = INCLUDE_SOURCE;
				MTL_FAST_MATH = YES;
				ONLY_ACTIVE_ARCH = YES;
				SDKROOT = iphoneos;
				SWIFT_ACTIVE_COMPILATION_CONDITIONS = DEBUG;
				SWIFT_OPTIMIZATION_LEVEL = "-Onone";
			};
			name = Debug;
		};
		3983DF6526F3662A00539090 /* Release */ = {
			isa = XCBuildConfiguration;
			buildSettings = {
				ALWAYS_SEARCH_USER_PATHS = NO;
				CLANG_ANALYZER_NONNULL = YES;
				CLANG_ANALYZER_NUMBER_OBJECT_CONVERSION = YES_AGGRESSIVE;
				CLANG_CXX_LANGUAGE_STANDARD = "gnu++14";
				CLANG_CXX_LIBRARY = "libc++";
				CLANG_ENABLE_MODULES = YES;
				CLANG_ENABLE_OBJC_ARC = YES;
				CLANG_ENABLE_OBJC_WEAK = YES;
				CLANG_WARN_BLOCK_CAPTURE_AUTORELEASING = YES;
				CLANG_WARN_BOOL_CONVERSION = YES;
				CLANG_WARN_COMMA = YES;
				CLANG_WARN_CONSTANT_CONVERSION = YES;
				CLANG_WARN_DEPRECATED_OBJC_IMPLEMENTATIONS = YES;
				CLANG_WARN_DIRECT_OBJC_ISA_USAGE = YES_ERROR;
				CLANG_WARN_DOCUMENTATION_COMMENTS = YES;
				CLANG_WARN_EMPTY_BODY = YES;
				CLANG_WARN_ENUM_CONVERSION = YES;
				CLANG_WARN_INFINITE_RECURSION = YES;
				CLANG_WARN_INT_CONVERSION = YES;
				CLANG_WARN_NON_LITERAL_NULL_CONVERSION = YES;
				CLANG_WARN_OBJC_IMPLICIT_RETAIN_SELF = YES;
				CLANG_WARN_OBJC_LITERAL_CONVERSION = YES;
				CLANG_WARN_OBJC_ROOT_CLASS = YES_ERROR;
				CLANG_WARN_QUOTED_INCLUDE_IN_FRAMEWORK_HEADER = YES;
				CLANG_WARN_RANGE_LOOP_ANALYSIS = YES;
				CLANG_WARN_STRICT_PROTOTYPES = YES;
				CLANG_WARN_SUSPICIOUS_MOVE = YES;
				CLANG_WARN_UNGUARDED_AVAILABILITY = YES_AGGRESSIVE;
				CLANG_WARN_UNREACHABLE_CODE = YES;
				CLANG_WARN__DUPLICATE_METHOD_MATCH = YES;
				COPY_PHASE_STRIP = NO;
				DEBUG_INFORMATION_FORMAT = "dwarf-with-dsym";
				ENABLE_NS_ASSERTIONS = NO;
				ENABLE_STRICT_OBJC_MSGSEND = YES;
				GCC_C_LANGUAGE_STANDARD = gnu11;
				GCC_NO_COMMON_BLOCKS = YES;
				GCC_WARN_64_TO_32_BIT_CONVERSION = YES;
				GCC_WARN_ABOUT_RETURN_TYPE = YES_ERROR;
				GCC_WARN_UNDECLARED_SELECTOR = YES;
				GCC_WARN_UNINITIALIZED_AUTOS = YES_AGGRESSIVE;
				GCC_WARN_UNUSED_FUNCTION = YES;
				GCC_WARN_UNUSED_VARIABLE = YES;
				IPHONEOS_DEPLOYMENT_TARGET = 14.5;
				MTL_ENABLE_DEBUG_INFO = NO;
				MTL_FAST_MATH = YES;
				SDKROOT = iphoneos;
				SWIFT_COMPILATION_MODE = wholemodule;
				SWIFT_OPTIMIZATION_LEVEL = "-O";
				VALIDATE_PRODUCT = YES;
			};
			name = Release;
		};
		3983DF6726F3662A00539090 /* Debug */ = {
			isa = XCBuildConfiguration;
			baseConfigurationReference = E3F3EA9AFE9AA33D9DFE4D86 /* Pods-Study_iOS.debug.xcconfig */;
			buildSettings = {
				ASSETCATALOG_COMPILER_APPICON_NAME = AppIcon;
				ASSETCATALOG_COMPILER_GLOBAL_ACCENT_COLOR_NAME = AccentColor;
				CODE_SIGN_STYLE = Automatic;
				DEVELOPMENT_TEAM = JF6B89ULG6;
				INFOPLIST_FILE = Study_iOS/Application/Info.plist;
				LD_RUNPATH_SEARCH_PATHS = (
					"$(inherited)",
					"@executable_path/Frameworks",
				);
				PRODUCT_BUNDLE_IDENTIFIER = "min.Study-iOS";
				PRODUCT_NAME = "$(TARGET_NAME)";
				SWIFT_VERSION = 5.0;
				TARGETED_DEVICE_FAMILY = "1,2";
			};
			name = Debug;
		};
		3983DF6826F3662A00539090 /* Release */ = {
			isa = XCBuildConfiguration;
			baseConfigurationReference = DB1CBDB0F3C1238E346FF930 /* Pods-Study_iOS.release.xcconfig */;
			buildSettings = {
				ASSETCATALOG_COMPILER_APPICON_NAME = AppIcon;
				ASSETCATALOG_COMPILER_GLOBAL_ACCENT_COLOR_NAME = AccentColor;
				CODE_SIGN_STYLE = Automatic;
				DEVELOPMENT_TEAM = JF6B89ULG6;
				INFOPLIST_FILE = Study_iOS/Application/Info.plist;
				LD_RUNPATH_SEARCH_PATHS = (
					"$(inherited)",
					"@executable_path/Frameworks",
				);
				PRODUCT_BUNDLE_IDENTIFIER = "min.Study-iOS";
				PRODUCT_NAME = "$(TARGET_NAME)";
				SWIFT_VERSION = 5.0;
				TARGETED_DEVICE_FAMILY = "1,2";
			};
			name = Release;
		};
/* End XCBuildConfiguration section */

/* Begin XCConfigurationList section */
		3983DF3726F3662A00539090 /* Build configuration list for PBXProject "Study_iOS" */ = {
			isa = XCConfigurationList;
			buildConfigurations = (
				3983DF6426F3662A00539090 /* Debug */,
				3983DF6526F3662A00539090 /* Release */,
			);
			defaultConfigurationIsVisible = 0;
			defaultConfigurationName = Release;
		};
		3983DF6626F3662A00539090 /* Build configuration list for PBXNativeTarget "Study_iOS" */ = {
			isa = XCConfigurationList;
			buildConfigurations = (
				3983DF6726F3662A00539090 /* Debug */,
				3983DF6826F3662A00539090 /* Release */,
			);
			defaultConfigurationIsVisible = 0;
			defaultConfigurationName = Release;
		};
/* End XCConfigurationList section */
	};
	rootObject = 3983DF3426F3662A00539090 /* Project object */;
}
