// !$*UTF8*$!
{
	archiveVersion = 1;
	classes = {
	};
	objectVersion = 55;
	objects = {

/* Begin PBXBuildFile section */
		398BE21E27A23A0200DBADFF /* AppDelegate.swift in Sources */ = {isa = PBXBuildFile; fileRef = 398BE21D27A23A0200DBADFF /* AppDelegate.swift */; };
		398BE22027A23A0200DBADFF /* SceneDelegate.swift in Sources */ = {isa = PBXBuildFile; fileRef = 398BE21F27A23A0200DBADFF /* SceneDelegate.swift */; };
		398BE22227A23A0200DBADFF /* ViewController.swift in Sources */ = {isa = PBXBuildFile; fileRef = 398BE22127A23A0200DBADFF /* ViewController.swift */; };
		398BE22527A23A0200DBADFF /* Main.storyboard in Resources */ = {isa = PBXBuildFile; fileRef = 398BE22327A23A0200DBADFF /* Main.storyboard */; };
		398BE22727A23A0300DBADFF /* Assets.xcassets in Resources */ = {isa = PBXBuildFile; fileRef = 398BE22627A23A0300DBADFF /* Assets.xcassets */; };
		398BE22A27A23A0300DBADFF /* LaunchScreen.storyboard in Resources */ = {isa = PBXBuildFile; fileRef = 398BE22827A23A0300DBADFF /* LaunchScreen.storyboard */; };
		398BE23527A23C6400DBADFF /* SnippetCodeBaseUI.swift in Sources */ = {isa = PBXBuildFile; fileRef = 398BE23427A23C6400DBADFF /* SnippetCodeBaseUI.swift */; };
		398BE23927A23DC000DBADFF /* SnippetUITableView.swift in Sources */ = {isa = PBXBuildFile; fileRef = 398BE23827A23DC000DBADFF /* SnippetUITableView.swift */; };
		398BE23B27A23E0300DBADFF /* SnippetUICollectionView.swift in Sources */ = {isa = PBXBuildFile; fileRef = 398BE23A27A23E0300DBADFF /* SnippetUICollectionView.swift */; };
		398BE23D27A23E6300DBADFF /* SnippetCommentVC.swift in Sources */ = {isa = PBXBuildFile; fileRef = 398BE23C27A23E6300DBADFF /* SnippetCommentVC.swift */; };
		398BE23F27A23EB300DBADFF /* SnippetUIPickerView.swift in Sources */ = {isa = PBXBuildFile; fileRef = 398BE23E27A23EB300DBADFF /* SnippetUIPickerView.swift */; };
/* End PBXBuildFile section */

/* Begin PBXFileReference section */
		398BE21A27A23A0200DBADFF /* CodeSnippet.app */ = {isa = PBXFileReference; explicitFileType = wrapper.application; includeInIndex = 0; path = CodeSnippet.app; sourceTree = BUILT_PRODUCTS_DIR; };
		398BE21D27A23A0200DBADFF /* AppDelegate.swift */ = {isa = PBXFileReference; lastKnownFileType = sourcecode.swift; path = AppDelegate.swift; sourceTree = "<group>"; };
		398BE21F27A23A0200DBADFF /* SceneDelegate.swift */ = {isa = PBXFileReference; lastKnownFileType = sourcecode.swift; path = SceneDelegate.swift; sourceTree = "<group>"; };
		398BE22127A23A0200DBADFF /* ViewController.swift */ = {isa = PBXFileReference; lastKnownFileType = sourcecode.swift; path = ViewController.swift; sourceTree = "<group>"; };
		398BE22427A23A0200DBADFF /* Base */ = {isa = PBXFileReference; lastKnownFileType = file.storyboard; name = Base; path = Base.lproj/Main.storyboard; sourceTree = "<group>"; };
		398BE22627A23A0300DBADFF /* Assets.xcassets */ = {isa = PBXFileReference; lastKnownFileType = folder.assetcatalog; path = Assets.xcassets; sourceTree = "<group>"; };
		398BE22927A23A0300DBADFF /* Base */ = {isa = PBXFileReference; lastKnownFileType = file.storyboard; name = Base; path = Base.lproj/LaunchScreen.storyboard; sourceTree = "<group>"; };
		398BE22B27A23A0300DBADFF /* Info.plist */ = {isa = PBXFileReference; lastKnownFileType = text.plist.xml; path = Info.plist; sourceTree = "<group>"; };
		398BE23427A23C6400DBADFF /* SnippetCodeBaseUI.swift */ = {isa = PBXFileReference; lastKnownFileType = sourcecode.swift; path = SnippetCodeBaseUI.swift; sourceTree = "<group>"; };
		398BE23827A23DC000DBADFF /* SnippetUITableView.swift */ = {isa = PBXFileReference; lastKnownFileType = sourcecode.swift; path = SnippetUITableView.swift; sourceTree = "<group>"; };
		398BE23A27A23E0300DBADFF /* SnippetUICollectionView.swift */ = {isa = PBXFileReference; lastKnownFileType = sourcecode.swift; path = SnippetUICollectionView.swift; sourceTree = "<group>"; };
		398BE23C27A23E6300DBADFF /* SnippetCommentVC.swift */ = {isa = PBXFileReference; lastKnownFileType = sourcecode.swift; path = SnippetCommentVC.swift; sourceTree = "<group>"; };
		398BE23E27A23EB300DBADFF /* SnippetUIPickerView.swift */ = {isa = PBXFileReference; lastKnownFileType = sourcecode.swift; path = SnippetUIPickerView.swift; sourceTree = "<group>"; };
/* End PBXFileReference section */

/* Begin PBXFrameworksBuildPhase section */
		398BE21727A23A0200DBADFF /* Frameworks */ = {
			isa = PBXFrameworksBuildPhase;
			buildActionMask = 2147483647;
			files = (
			);
			runOnlyForDeploymentPostprocessing = 0;
		};
/* End PBXFrameworksBuildPhase section */

/* Begin PBXGroup section */
		398BE21127A23A0200DBADFF = {
			isa = PBXGroup;
			children = (
				398BE21C27A23A0200DBADFF /* CodeSnippet */,
				398BE21B27A23A0200DBADFF /* Products */,
			);
			sourceTree = "<group>";
		};
		398BE21B27A23A0200DBADFF /* Products */ = {
			isa = PBXGroup;
			children = (
				398BE21A27A23A0200DBADFF /* CodeSnippet.app */,
			);
			name = Products;
			sourceTree = "<group>";
		};
		398BE21C27A23A0200DBADFF /* CodeSnippet */ = {
			isa = PBXGroup;
			children = (
				398BE23127A23AF900DBADFF /* etc */,
				398BE23427A23C6400DBADFF /* SnippetCodeBaseUI.swift */,
				398BE23C27A23E6300DBADFF /* SnippetCommentVC.swift */,
				398BE23827A23DC000DBADFF /* SnippetUITableView.swift */,
				398BE23A27A23E0300DBADFF /* SnippetUICollectionView.swift */,
				398BE23E27A23EB300DBADFF /* SnippetUIPickerView.swift */,
			);
			path = CodeSnippet;
			sourceTree = "<group>";
		};
		398BE23127A23AF900DBADFF /* etc */ = {
			isa = PBXGroup;
			children = (
				398BE22B27A23A0300DBADFF /* Info.plist */,
				398BE21D27A23A0200DBADFF /* AppDelegate.swift */,
				398BE21F27A23A0200DBADFF /* SceneDelegate.swift */,
				398BE22127A23A0200DBADFF /* ViewController.swift */,
				398BE22327A23A0200DBADFF /* Main.storyboard */,
				398BE22627A23A0300DBADFF /* Assets.xcassets */,
				398BE22827A23A0300DBADFF /* LaunchScreen.storyboard */,
			);
			path = etc;
			sourceTree = "<group>";
		};
/* End PBXGroup section */

/* Begin PBXNativeTarget section */
		398BE21927A23A0200DBADFF /* CodeSnippet */ = {
			isa = PBXNativeTarget;
			buildConfigurationList = 398BE22E27A23A0300DBADFF /* Build configuration list for PBXNativeTarget "CodeSnippet" */;
			buildPhases = (
				398BE21627A23A0200DBADFF /* Sources */,
				398BE21727A23A0200DBADFF /* Frameworks */,
				398BE21827A23A0200DBADFF /* Resources */,
			);
			buildRules = (
			);
			dependencies = (
			);
			name = CodeSnippet;
			productName = CodeSnippet;
			productReference = 398BE21A27A23A0200DBADFF /* CodeSnippet.app */;
			productType = "com.apple.product-type.application";
		};
/* End PBXNativeTarget section */

/* Begin PBXProject section */
		398BE21227A23A0200DBADFF /* Project object */ = {
			isa = PBXProject;
			attributes = {
				BuildIndependentTargetsInParallel = 1;
				LastSwiftUpdateCheck = 1320;
				LastUpgradeCheck = 1320;
				TargetAttributes = {
					398BE21927A23A0200DBADFF = {
						CreatedOnToolsVersion = 13.2.1;
					};
				};
			};
			buildConfigurationList = 398BE21527A23A0200DBADFF /* Build configuration list for PBXProject "CodeSnippet" */;
			compatibilityVersion = "Xcode 13.0";
			developmentRegion = en;
			hasScannedForEncodings = 0;
			knownRegions = (
				en,
				Base,
			);
			mainGroup = 398BE21127A23A0200DBADFF;
			productRefGroup = 398BE21B27A23A0200DBADFF /* Products */;
			projectDirPath = "";
			projectRoot = "";
			targets = (
				398BE21927A23A0200DBADFF /* CodeSnippet */,
			);
		};
/* End PBXProject section */

/* Begin PBXResourcesBuildPhase section */
		398BE21827A23A0200DBADFF /* Resources */ = {
			isa = PBXResourcesBuildPhase;
			buildActionMask = 2147483647;
			files = (
				398BE22A27A23A0300DBADFF /* LaunchScreen.storyboard in Resources */,
				398BE22727A23A0300DBADFF /* Assets.xcassets in Resources */,
				398BE22527A23A0200DBADFF /* Main.storyboard in Resources */,
			);
			runOnlyForDeploymentPostprocessing = 0;
		};
/* End PBXResourcesBuildPhase section */

/* Begin PBXSourcesBuildPhase section */
		398BE21627A23A0200DBADFF /* Sources */ = {
			isa = PBXSourcesBuildPhase;
			buildActionMask = 2147483647;
			files = (
				398BE23D27A23E6300DBADFF /* SnippetCommentVC.swift in Sources */,
				398BE22227A23A0200DBADFF /* ViewController.swift in Sources */,
				398BE23527A23C6400DBADFF /* SnippetCodeBaseUI.swift in Sources */,
				398BE23B27A23E0300DBADFF /* SnippetUICollectionView.swift in Sources */,
				398BE21E27A23A0200DBADFF /* AppDelegate.swift in Sources */,
				398BE22027A23A0200DBADFF /* SceneDelegate.swift in Sources */,
				398BE23F27A23EB300DBADFF /* SnippetUIPickerView.swift in Sources */,
				398BE23927A23DC000DBADFF /* SnippetUITableView.swift in Sources */,
			);
			runOnlyForDeploymentPostprocessing = 0;
		};
/* End PBXSourcesBuildPhase section */

/* Begin PBXVariantGroup section */
		398BE22327A23A0200DBADFF /* Main.storyboard */ = {
			isa = PBXVariantGroup;
			children = (
				398BE22427A23A0200DBADFF /* Base */,
			);
			name = Main.storyboard;
			sourceTree = "<group>";
		};
		398BE22827A23A0300DBADFF /* LaunchScreen.storyboard */ = {
			isa = PBXVariantGroup;
			children = (
				398BE22927A23A0300DBADFF /* Base */,
			);
			name = LaunchScreen.storyboard;
			sourceTree = "<group>";
		};
/* End PBXVariantGroup section */

/* Begin XCBuildConfiguration section */
		398BE22C27A23A0300DBADFF /* Debug */ = {
			isa = XCBuildConfiguration;
			buildSettings = {
				ALWAYS_SEARCH_USER_PATHS = NO;
				CLANG_ANALYZER_NONNULL = YES;
				CLANG_ANALYZER_NUMBER_OBJECT_CONVERSION = YES_AGGRESSIVE;
				CLANG_CXX_LANGUAGE_STANDARD = "gnu++17";
				CLANG_CXX_LIBRARY = "libc++";
				CLANG_ENABLE_MODULES = YES;
				CLANG_ENABLE_OBJC_ARC = YES;
				CLANG_ENABLE_OBJC_WEAK = YES;
				CLANG_WARN_BLOCK_CAPTURE_AUTORELEASING = YES;
				CLANG_WARN_BOOL_CONVERSION = YES;
				CLANG_WARN_COMMA = YES;
				CLANG_WARN_CONSTANT_CONVERSION = YES;
				CLANG_WARN_DEPRECATED_OBJC_IMPLEMENTATIONS = YES;
				CLANG_WARN_DIRECT_OBJC_ISA_USAGE = YES_ERROR;
				CLANG_WARN_DOCUMENTATION_COMMENTS = YES;
				CLANG_WARN_EMPTY_BODY = YES;
				CLANG_WARN_ENUM_CONVERSION = YES;
				CLANG_WARN_INFINITE_RECURSION = YES;
				CLANG_WARN_INT_CONVERSION = YES;
				CLANG_WARN_NON_LITERAL_NULL_CONVERSION = YES;
				CLANG_WARN_OBJC_IMPLICIT_RETAIN_SELF = YES;
				CLANG_WARN_OBJC_LITERAL_CONVERSION = YES;
				CLANG_WARN_OBJC_ROOT_CLASS = YES_ERROR;
				CLANG_WARN_QUOTED_INCLUDE_IN_FRAMEWORK_HEADER = YES;
				CLANG_WARN_RANGE_LOOP_ANALYSIS = YES;
				CLANG_WARN_STRICT_PROTOTYPES = YES;
				CLANG_WARN_SUSPICIOUS_MOVE = YES;
				CLANG_WARN_UNGUARDED_AVAILABILITY = YES_AGGRESSIVE;
				CLANG_WARN_UNREACHABLE_CODE = YES;
				CLANG_WARN__DUPLICATE_METHOD_MATCH = YES;
				COPY_PHASE_STRIP = NO;
				DEBUG_INFORMATION_FORMAT = dwarf;
				ENABLE_STRICT_OBJC_MSGSEND = YES;
				ENABLE_TESTABILITY = YES;
				GCC_C_LANGUAGE_STANDARD = gnu11;
				GCC_DYNAMIC_NO_PIC = NO;
				GCC_NO_COMMON_BLOCKS = YES;
				GCC_OPTIMIZATION_LEVEL = 0;
				GCC_PREPROCESSOR_DEFINITIONS = (
					"DEBUG=1",
					"$(inherited)",
				);
				GCC_WARN_64_TO_32_BIT_CONVERSION = YES;
				GCC_WARN_ABOUT_RETURN_TYPE = YES_ERROR;
				GCC_WARN_UNDECLARED_SELECTOR = YES;
				GCC_WARN_UNINITIALIZED_AUTOS = YES_AGGRESSIVE;
				GCC_WARN_UNUSED_FUNCTION = YES;
				GCC_WARN_UNUSED_VARIABLE = YES;
				IPHONEOS_DEPLOYMENT_TARGET = 15.2;
				MTL_ENABLE_DEBUG_INFO = INCLUDE_SOURCE;
				MTL_FAST_MATH = YES;
				ONLY_ACTIVE_ARCH = YES;
				SDKROOT = iphoneos;
				SWIFT_ACTIVE_COMPILATION_CONDITIONS = DEBUG;
				SWIFT_OPTIMIZATION_LEVEL = "-Onone";
			};
			name = Debug;
		};
		398BE22D27A23A0300DBADFF /* Release */ = {
			isa = XCBuildConfiguration;
			buildSettings = {
				ALWAYS_SEARCH_USER_PATHS = NO;
				CLANG_ANALYZER_NONNULL = YES;
				CLANG_ANALYZER_NUMBER_OBJECT_CONVERSION = YES_AGGRESSIVE;
				CLANG_CXX_LANGUAGE_STANDARD = "gnu++17";
				CLANG_CXX_LIBRARY = "libc++";
				CLANG_ENABLE_MODULES = YES;
				CLANG_ENABLE_OBJC_ARC = YES;
				CLANG_ENABLE_OBJC_WEAK = YES;
				CLANG_WARN_BLOCK_CAPTURE_AUTORELEASING = YES;
				CLANG_WARN_BOOL_CONVERSION = YES;
				CLANG_WARN_COMMA = YES;
				CLANG_WARN_CONSTANT_CONVERSION = YES;
				CLANG_WARN_DEPRECATED_OBJC_IMPLEMENTATIONS = YES;
				CLANG_WARN_DIRECT_OBJC_ISA_USAGE = YES_ERROR;
				CLANG_WARN_DOCUMENTATION_COMMENTS = YES;
				CLANG_WARN_EMPTY_BODY = YES;
				CLANG_WARN_ENUM_CONVERSION = YES;
				CLANG_WARN_INFINITE_RECURSION = YES;
				CLANG_WARN_INT_CONVERSION = YES;
				CLANG_WARN_NON_LITERAL_NULL_CONVERSION = YES;
				CLANG_WARN_OBJC_IMPLICIT_RETAIN_SELF = YES;
				CLANG_WARN_OBJC_LITERAL_CONVERSION = YES;
				CLANG_WARN_OBJC_ROOT_CLASS = YES_ERROR;
				CLANG_WARN_QUOTED_INCLUDE_IN_FRAMEWORK_HEADER = YES;
				CLANG_WARN_RANGE_LOOP_ANALYSIS = YES;
				CLANG_WARN_STRICT_PROTOTYPES = YES;
				CLANG_WARN_SUSPICIOUS_MOVE = YES;
				CLANG_WARN_UNGUARDED_AVAILABILITY = YES_AGGRESSIVE;
				CLANG_WARN_UNREACHABLE_CODE = YES;
				CLANG_WARN__DUPLICATE_METHOD_MATCH = YES;
				COPY_PHASE_STRIP = NO;
				DEBUG_INFORMATION_FORMAT = "dwarf-with-dsym";
				ENABLE_NS_ASSERTIONS = NO;
				ENABLE_STRICT_OBJC_MSGSEND = YES;
				GCC_C_LANGUAGE_STANDARD = gnu11;
				GCC_NO_COMMON_BLOCKS = YES;
				GCC_WARN_64_TO_32_BIT_CONVERSION = YES;
				GCC_WARN_ABOUT_RETURN_TYPE = YES_ERROR;
				GCC_WARN_UNDECLARED_SELECTOR = YES;
				GCC_WARN_UNINITIALIZED_AUTOS = YES_AGGRESSIVE;
				GCC_WARN_UNUSED_FUNCTION = YES;
				GCC_WARN_UNUSED_VARIABLE = YES;
				IPHONEOS_DEPLOYMENT_TARGET = 15.2;
				MTL_ENABLE_DEBUG_INFO = NO;
				MTL_FAST_MATH = YES;
				SDKROOT = iphoneos;
				SWIFT_COMPILATION_MODE = wholemodule;
				SWIFT_OPTIMIZATION_LEVEL = "-O";
				VALIDATE_PRODUCT = YES;
			};
			name = Release;
		};
		398BE22F27A23A0300DBADFF /* Debug */ = {
			isa = XCBuildConfiguration;
			buildSettings = {
				ASSETCATALOG_COMPILER_APPICON_NAME = AppIcon;
				ASSETCATALOG_COMPILER_GLOBAL_ACCENT_COLOR_NAME = AccentColor;
				CODE_SIGN_STYLE = Automatic;
				CURRENT_PROJECT_VERSION = 1;
				DEVELOPMENT_TEAM = JF6B89ULG6;
				GENERATE_INFOPLIST_FILE = YES;
				INFOPLIST_FILE = CodeSnippet/etc/Info.plist;
				INFOPLIST_KEY_UIApplicationSupportsIndirectInputEvents = YES;
				INFOPLIST_KEY_UILaunchStoryboardName = LaunchScreen;
				INFOPLIST_KEY_UIMainStoryboardFile = Main;
				INFOPLIST_KEY_UISupportedInterfaceOrientations_iPad = "UIInterfaceOrientationPortrait UIInterfaceOrientationPortraitUpsideDown UIInterfaceOrientationLandscapeLeft UIInterfaceOrientationLandscapeRight";
				INFOPLIST_KEY_UISupportedInterfaceOrientations_iPhone = "UIInterfaceOrientationPortrait UIInterfaceOrientationLandscapeLeft UIInterfaceOrientationLandscapeRight";
				LD_RUNPATH_SEARCH_PATHS = (
					"$(inherited)",
					"@executable_path/Frameworks",
				);
				MARKETING_VERSION = 1.0;
				PRODUCT_BUNDLE_IDENTIFIER = minjae.CodeSnippet;
				PRODUCT_NAME = "$(TARGET_NAME)";
				SWIFT_EMIT_LOC_STRINGS = YES;
				SWIFT_VERSION = 5.0;
				TARGETED_DEVICE_FAMILY = "1,2";
			};
			name = Debug;
		};
		398BE23027A23A0300DBADFF /* Release */ = {
			isa = XCBuildConfiguration;
			buildSettings = {
				ASSETCATALOG_COMPILER_APPICON_NAME = AppIcon;
				ASSETCATALOG_COMPILER_GLOBAL_ACCENT_COLOR_NAME = AccentColor;
				CODE_SIGN_STYLE = Automatic;
				CURRENT_PROJECT_VERSION = 1;
				DEVELOPMENT_TEAM = JF6B89ULG6;
				GENERATE_INFOPLIST_FILE = YES;
				INFOPLIST_FILE = CodeSnippet/etc/Info.plist;
				INFOPLIST_KEY_UIApplicationSupportsIndirectInputEvents = YES;
				INFOPLIST_KEY_UILaunchStoryboardName = LaunchScreen;
				INFOPLIST_KEY_UIMainStoryboardFile = Main;
				INFOPLIST_KEY_UISupportedInterfaceOrientations_iPad = "UIInterfaceOrientationPortrait UIInterfaceOrientationPortraitUpsideDown UIInterfaceOrientationLandscapeLeft UIInterfaceOrientationLandscapeRight";
				INFOPLIST_KEY_UISupportedInterfaceOrientations_iPhone = "UIInterfaceOrientationPortrait UIInterfaceOrientationLandscapeLeft UIInterfaceOrientationLandscapeRight";
				LD_RUNPATH_SEARCH_PATHS = (
					"$(inherited)",
					"@executable_path/Frameworks",
				);
				MARKETING_VERSION = 1.0;
				PRODUCT_BUNDLE_IDENTIFIER = minjae.CodeSnippet;
				PRODUCT_NAME = "$(TARGET_NAME)";
				SWIFT_EMIT_LOC_STRINGS = YES;
				SWIFT_VERSION = 5.0;
				TARGETED_DEVICE_FAMILY = "1,2";
			};
			name = Release;
		};
/* End XCBuildConfiguration section */

/* Begin XCConfigurationList section */
		398BE21527A23A0200DBADFF /* Build configuration list for PBXProject "CodeSnippet" */ = {
			isa = XCConfigurationList;
			buildConfigurations = (
				398BE22C27A23A0300DBADFF /* Debug */,
				398BE22D27A23A0300DBADFF /* Release */,
			);
			defaultConfigurationIsVisible = 0;
			defaultConfigurationName = Release;
		};
		398BE22E27A23A0300DBADFF /* Build configuration list for PBXNativeTarget "CodeSnippet" */ = {
			isa = XCConfigurationList;
			buildConfigurations = (
				398BE22F27A23A0300DBADFF /* Debug */,
				398BE23027A23A0300DBADFF /* Release */,
			);
			defaultConfigurationIsVisible = 0;
			defaultConfigurationName = Release;
		};
/* End XCConfigurationList section */
	};
	rootObject = 398BE21227A23A0200DBADFF /* Project object */;
}
